
Microsoft Visual Studio Solution File, Format Version 12.00
# Visual Studio 15
Project("{FAE04EC0-301F-11D3-BF4B-00C04F79EFBC}") = "Assembly-CSharp", "Assembly-CSharp.csproj", "{79620AE9-B09C-5623-17FA-DD76D5D52C36}"
EndProject
Project("{FAE04EC0-301F-11D3-BF4B-00C04F79EFBC}") = "Assembly-CSharp-firstpass", "Assembly-CSharp-firstpass.csproj", "{7352CC48-8E8E-03D4-5B1C-6D778D8BF764}"
EndProject
Project("{FAE04EC0-301F-11D3-BF4B-00C04F79EFBC}") = "Assembly-CSharp-Editor", "Assembly-CSharp-Editor.csproj", "{93798A97-04AB-649D-3A99-1829BF2E592B}"
EndProject
Global
	GlobalSection(SolutionConfigurationPlatforms) = preSolution
		Debug|Any CPU = Debug|Any CPU
		Release|Any CPU = Release|Any CPU
	EndGlobalSection
	GlobalSection(ProjectConfigurationPlatforms) = postSolution
		{79620AE9-B09C-5623-17FA-DD76D5D52C36}.Debug|Any CPU.ActiveCfg = Debug|Any CPU
		{79620AE9-B09C-5623-17FA-DD76D5D52C36}.Debug|Any CPU.Build.0 = Debug|Any CPU
		{79620AE9-B09C-5623-17FA-DD76D5D52C36}.Release|Any CPU.ActiveCfg = Release|Any CPU
		{79620AE9-B09C-5623-17FA-DD76D5D52C36}.Release|Any CPU.Build.0 = Release|Any CPU
		{7352CC48-8E8E-03D4-5B1C-6D778D8BF764}.Debug|Any CPU.ActiveCfg = Debug|Any CPU
		{7352CC48-8E8E-03D4-5B1C-6D778D8BF764}.Debug|Any CPU.Build.0 = Debug|Any CPU
		{7352CC48-8E8E-03D4-5B1C-6D778D8BF764}.Release|Any CPU.ActiveCfg = Release|Any CPU
		{7352CC48-8E8E-03D4-5B1C-6D778D8BF764}.Release|Any CPU.Build.0 = Release|Any CPU
		{93798A97-04AB-649D-3A99-1829BF2E592B}.Debug|Any CPU.ActiveCfg = Debug|Any CPU
		{93798A97-04AB-649D-3A99-1829BF2E592B}.Debug|Any CPU.Build.0 = Debug|Any CPU
		{93798A97-04AB-649D-3A99-1829BF2E592B}.Release|Any CPU.ActiveCfg = Release|Any CPU
		{93798A97-04AB-649D-3A99-1829BF2E592B}.Release|Any CPU.Build.0 = Release|Any CPU
	EndGlobalSection
	GlobalSection(SolutionProperties) = preSolution
		HideSolutionNode = FALSE
	EndGlobalSection
EndGlobal
