
Microsoft Visual Studio Solution File, Format Version 12.00
# Visual Studio 15
Project("{FAE04EC0-301F-11D3-BF4B-00C04F79EFBC}") = "Assembly-CSharp", "Assembly-CSharp.csproj", "{65FE38B6-5DC3-95FF-30D6-52BB64215072}"
EndProject
Project("{FAE04EC0-301F-11D3-BF4B-00C04F79EFBC}") = "Assembly-CSharp-firstpass", "Assembly-CSharp-firstpass.csproj", "{2EE0499F-94A9-F033-A8B6-FAF3F79D45C5}"
EndProject
Project("{FAE04EC0-301F-11D3-BF4B-00C04F79EFBC}") = "Assembly-CSharp-Editor", "Assembly-CSharp-Editor.csproj", "{9B2E0F54-5982-A968-98D9-9344011ED26F}"
EndProject
Global
	GlobalSection(SolutionConfigurationPlatforms) = preSolution
		Debug|Any CPU = Debug|Any CPU
		Release|Any CPU = Release|Any CPU
	EndGlobalSection
	GlobalSection(ProjectConfigurationPlatforms) = postSolution
		{65FE38B6-5DC3-95FF-30D6-52BB64215072}.Debug|Any CPU.ActiveCfg = Debug|Any CPU
		{65FE38B6-5DC3-95FF-30D6-52BB64215072}.Debug|Any CPU.Build.0 = Debug|Any CPU
		{65FE38B6-5DC3-95FF-30D6-52BB64215072}.Release|Any CPU.ActiveCfg = Release|Any CPU
		{65FE38B6-5DC3-95FF-30D6-52BB64215072}.Release|Any CPU.Build.0 = Release|Any CPU
		{2EE0499F-94A9-F033-A8B6-FAF3F79D45C5}.Debug|Any CPU.ActiveCfg = Debug|Any CPU
		{2EE0499F-94A9-F033-A8B6-FAF3F79D45C5}.Debug|Any CPU.Build.0 = Debug|Any CPU
		{2EE0499F-94A9-F033-A8B6-FAF3F79D45C5}.Release|Any CPU.ActiveCfg = Release|Any CPU
		{2EE0499F-94A9-F033-A8B6-FAF3F79D45C5}.Release|Any CPU.Build.0 = Release|Any CPU
		{9B2E0F54-5982-A968-98D9-9344011ED26F}.Debug|Any CPU.ActiveCfg = Debug|Any CPU
		{9B2E0F54-5982-A968-98D9-9344011ED26F}.Debug|Any CPU.Build.0 = Debug|Any CPU
		{9B2E0F54-5982-A968-98D9-9344011ED26F}.Release|Any CPU.ActiveCfg = Release|Any CPU
		{9B2E0F54-5982-A968-98D9-9344011ED26F}.Release|Any CPU.Build.0 = Release|Any CPU
	EndGlobalSection
	GlobalSection(SolutionProperties) = preSolution
		HideSolutionNode = FALSE
	EndGlobalSection
EndGlobal
