
Microsoft Visual Studio Solution File, Format Version 12.00
# Visual Studio 15
Project("{FAE04EC0-301F-11D3-BF4B-00C04F79EFBC}") = "Assembly-CSharp-firstpass", "Assembly-CSharp-firstpass.csproj", "{D1649342-0C9B-BFAC-A052-C76E10EED6D8}"
EndProject
Project("{FAE04EC0-301F-11D3-BF4B-00C04F79EFBC}") = "Assembly-CSharp", "Assembly-CSharp.csproj", "{E029753B-7940-8F07-E123-7AEF1CCB3294}"
EndProject
Project("{FAE04EC0-301F-11D3-BF4B-00C04F79EFBC}") = "Assembly-CSharp-Editor", "Assembly-CSharp-Editor.csproj", "{888366CB-FBC3-32C5-02A9-C4FF5D1110CC}"
EndProject
Global
	GlobalSection(SolutionConfigurationPlatforms) = preSolution
		Debug|Any CPU = Debug|Any CPU
		Release|Any CPU = Release|Any CPU
	EndGlobalSection
	GlobalSection(ProjectConfigurationPlatforms) = postSolution
		{D1649342-0C9B-BFAC-A052-C76E10EED6D8}.Debug|Any CPU.ActiveCfg = Debug|Any CPU
		{D1649342-0C9B-BFAC-A052-C76E10EED6D8}.Debug|Any CPU.Build.0 = Debug|Any CPU
		{D1649342-0C9B-BFAC-A052-C76E10EED6D8}.Release|Any CPU.ActiveCfg = Release|Any CPU
		{D1649342-0C9B-BFAC-A052-C76E10EED6D8}.Release|Any CPU.Build.0 = Release|Any CPU
		{E029753B-7940-8F07-E123-7AEF1CCB3294}.Debug|Any CPU.ActiveCfg = Debug|Any CPU
		{E029753B-7940-8F07-E123-7AEF1CCB3294}.Debug|Any CPU.Build.0 = Debug|Any CPU
		{E029753B-7940-8F07-E123-7AEF1CCB3294}.Release|Any CPU.ActiveCfg = Release|Any CPU
		{E029753B-7940-8F07-E123-7AEF1CCB3294}.Release|Any CPU.Build.0 = Release|Any CPU
		{888366CB-FBC3-32C5-02A9-C4FF5D1110CC}.Debug|Any CPU.ActiveCfg = Debug|Any CPU
		{888366CB-FBC3-32C5-02A9-C4FF5D1110CC}.Debug|Any CPU.Build.0 = Debug|Any CPU
		{888366CB-FBC3-32C5-02A9-C4FF5D1110CC}.Release|Any CPU.ActiveCfg = Release|Any CPU
		{888366CB-FBC3-32C5-02A9-C4FF5D1110CC}.Release|Any CPU.Build.0 = Release|Any CPU
	EndGlobalSection
	GlobalSection(SolutionProperties) = preSolution
		HideSolutionNode = FALSE
	EndGlobalSection
EndGlobal
