
Microsoft Visual Studio Solution File, Format Version 12.00
# Visual Studio 15
Project("{FAE04EC0-301F-11D3-BF4B-00C04F79EFBC}") = "Assembly-CSharp-firstpass", "Assembly-CSharp-firstpass.csproj", "{73A218A1-32DC-683B-D953-FBA756A8B8C4}"
EndProject
Project("{FAE04EC0-301F-11D3-BF4B-00C04F79EFBC}") = "Assembly-CSharp", "Assembly-CSharp.csproj", "{C0750A53-45A2-6452-743E-A28FD18A75A3}"
EndProject
Project("{FAE04EC0-301F-11D3-BF4B-00C04F79EFBC}") = "Assembly-CSharp-Editor", "Assembly-CSharp-Editor.csproj", "{5446A9A3-7D1C-1164-B956-4C99E0B5EECE}"
EndProject
Global
	GlobalSection(SolutionConfigurationPlatforms) = preSolution
		Debug|Any CPU = Debug|Any CPU
		Release|Any CPU = Release|Any CPU
	EndGlobalSection
	GlobalSection(ProjectConfigurationPlatforms) = postSolution
		{73A218A1-32DC-683B-D953-FBA756A8B8C4}.Debug|Any CPU.ActiveCfg = Debug|Any CPU
		{73A218A1-32DC-683B-D953-FBA756A8B8C4}.Debug|Any CPU.Build.0 = Debug|Any CPU
		{73A218A1-32DC-683B-D953-FBA756A8B8C4}.Release|Any CPU.ActiveCfg = Release|Any CPU
		{73A218A1-32DC-683B-D953-FBA756A8B8C4}.Release|Any CPU.Build.0 = Release|Any CPU
		{C0750A53-45A2-6452-743E-A28FD18A75A3}.Debug|Any CPU.ActiveCfg = Debug|Any CPU
		{C0750A53-45A2-6452-743E-A28FD18A75A3}.Debug|Any CPU.Build.0 = Debug|Any CPU
		{C0750A53-45A2-6452-743E-A28FD18A75A3}.Release|Any CPU.ActiveCfg = Release|Any CPU
		{C0750A53-45A2-6452-743E-A28FD18A75A3}.Release|Any CPU.Build.0 = Release|Any CPU
		{5446A9A3-7D1C-1164-B956-4C99E0B5EECE}.Debug|Any CPU.ActiveCfg = Debug|Any CPU
		{5446A9A3-7D1C-1164-B956-4C99E0B5EECE}.Debug|Any CPU.Build.0 = Debug|Any CPU
		{5446A9A3-7D1C-1164-B956-4C99E0B5EECE}.Release|Any CPU.ActiveCfg = Release|Any CPU
		{5446A9A3-7D1C-1164-B956-4C99E0B5EECE}.Release|Any CPU.Build.0 = Release|Any CPU
	EndGlobalSection
	GlobalSection(SolutionProperties) = preSolution
		HideSolutionNode = FALSE
	EndGlobalSection
EndGlobal
